// !$*UTF8*$!
{
	archiveVersion = 1;
	classes = {
	};
	objectVersion = 77;
	objects = {

/* Begin PBXBuildFile section */
		03A925C90CE21BCEF1724DCB /* SharedContainer.swift in Sources */ = {isa = PBXBuildFile; fileRef = EBF6297686ED6528BD208F91 /* SharedContainer.swift */; };
		08B1BA176E566345404A3654 /* PurchaseView.swift in Sources */ = {isa = PBXBuildFile; fileRef = 1A272A64F4CF1758159C841B /* PurchaseView.swift */; };
		1BE48A40944748CD8AC4D437 /* SumiApp.swift in Sources */ = {isa = PBXBuildFile; fileRef = CDCC3D35D9A8F34477675618 /* SumiApp.swift */; };
		1D39518D66E35F15FD59245F /* ImageMaskingServiceTests.swift in Sources */ = {isa = PBXBuildFile; fileRef = 0A3595521224549237863057 /* ImageMaskingServiceTests.swift */; };
		1DE6A90C30CC67BB7FBDA783 /* DocumentTypeView.swift in Sources */ = {isa = PBXBuildFile; fileRef = 6E1649140553413B4456F607 /* DocumentTypeView.swift */; };
		1FD16980BE4ADF133C329063 /* SupportConfig.swift in Sources */ = {isa = PBXBuildFile; fileRef = A917F0029EFB9D79FB8CD066 /* SupportConfig.swift */; };
		208336B7628150E1C0B15356 /* HomeView.swift in Sources */ = {isa = PBXBuildFile; fileRef = CE0C255A3F8E0DD73F3BA8AE /* HomeView.swift */; };
		293ECE2BA94AE07A83F86832 /* DocumentType.swift in Sources */ = {isa = PBXBuildFile; fileRef = 3B1FAD279A4589E7221F0805 /* DocumentType.swift */; };
		30BD2757E77D80ECBA9F57AC /* SharedContainer.swift in Sources */ = {isa = PBXBuildFile; fileRef = EBF6297686ED6528BD208F91 /* SharedContainer.swift */; };
		34A2C085A29C5A4E58B51AB7 /* DetectionService.swift in Sources */ = {isa = PBXBuildFile; fileRef = 2BAFC509160B7D02162223D6 /* DetectionService.swift */; };
		35C0E0B38D397F4ED64D2486 /* MaskingStyleView.swift in Sources */ = {isa = PBXBuildFile; fileRef = C8F45E32CEB5655DE57C0403 /* MaskingStyleView.swift */; };
		38ADB90DA007244EE64A813B /* SettingsView.swift in Sources */ = {isa = PBXBuildFile; fileRef = 5E4A573245C756BB9FDC88F6 /* SettingsView.swift */; };
		40355DE8560E8FA1373D27F3 /* ShareViewController.swift in Sources */ = {isa = PBXBuildFile; fileRef = E3E0846F11571D5BC7CC1F4E /* ShareViewController.swift */; };
		677DE7B4B023794A6E4D7C78 /* MaskRegion.swift in Sources */ = {isa = PBXBuildFile; fileRef = FE72E63C3F3BCC7033B09552 /* MaskRegion.swift */; };
		701700BE8FFED1A4F611B617 /* MaskingFlow.swift in Sources */ = {isa = PBXBuildFile; fileRef = 78345C70816C89A74E079E67 /* MaskingFlow.swift */; };
		724F367BE7BB1F3DE150D69D /* MainInterface.storyboard in Resources */ = {isa = PBXBuildFile; fileRef = 0FBE9792637E0D55AE1BA110 /* MainInterface.storyboard */; };
		780B505C5B075D52848F3764 /* MaskingStyle.swift in Sources */ = {isa = PBXBuildFile; fileRef = E4A7012FAB684FD408318EB4 /* MaskingStyle.swift */; };
		80C13867F31B5E56390BE8DC /* MaskingFlowTests.swift in Sources */ = {isa = PBXBuildFile; fileRef = D7717C3D61A368037328F6A4 /* MaskingFlowTests.swift */; };
		842DD5750D5A689549E829D5 /* ImageMaskingService.swift in Sources */ = {isa = PBXBuildFile; fileRef = F969D432FDE55692687E8AAA /* ImageMaskingService.swift */; };
		98CC5CB69A0AB35E2C869928 /* RevenueCat in Frameworks */ = {isa = PBXBuildFile; productRef = 9861147A07B1D05E05E86275 /* RevenueCat */; };
		AC63557EE4274D7F0E30CA70 /* DetectionServiceTests.swift in Sources */ = {isa = PBXBuildFile; fileRef = C13874342D80C3CDAB028CC3 /* DetectionServiceTests.swift */; };
		C117BFFD35173D95FB10F536 /* RevenueCatConfig.swift in Sources */ = {isa = PBXBuildFile; fileRef = 52979A3CE092D2101923C77F /* RevenueCatConfig.swift */; };
		DB7B9E840E1AC5394B6E2854 /* Assets.xcassets in Resources */ = {isa = PBXBuildFile; fileRef = 657D7725B33B1DDBFD919B52 /* Assets.xcassets */; };
		E12098AA04837D7F4B304A22 /* OnboardingView.swift in Sources */ = {isa = PBXBuildFile; fileRef = AF188BD2A4339C95B10015B9 /* OnboardingView.swift */; };
		E639615AF32E63151F2173FB /* ExportPreviewView.swift in Sources */ = {isa = PBXBuildFile; fileRef = 3CF8027801351630C6728B99 /* ExportPreviewView.swift */; };
		F15853962A303A2F0CD6B13D /* Haptics.swift in Sources */ = {isa = PBXBuildFile; fileRef = 501F90324BAFB02C175E417B /* Haptics.swift */; };
		F299CA4175736A7D83347731 /* CameraCaptureView.swift in Sources */ = {isa = PBXBuildFile; fileRef = 379153147FA66E4BC00AC609 /* CameraCaptureView.swift */; };
		F51DC72CA29EE738EF4F9DDF /* PurchaseManager.swift in Sources */ = {isa = PBXBuildFile; fileRef = C05847D9C4B20BF6994E0002 /* PurchaseManager.swift */; };
		F73D402B2D010CFC916C483A /* ShareExtension.appex in Embed Foundation Extensions */ = {isa = PBXBuildFile; fileRef = E3688F0EF1133E45F35AFA6B /* ShareExtension.appex */; settings = {ATTRIBUTES = (RemoveHeadersOnCopy, ); }; };
		F75E6B7E73AA1A9C1D862E29 /* DetectionPreviewView.swift in Sources */ = {isa = PBXBuildFile; fileRef = EFD0EE7E952029304ED393E6 /* DetectionPreviewView.swift */; };
		FA69646D977C56F4CC8FBD74 /* SumiShortcuts.swift in Sources */ = {isa = PBXBuildFile; fileRef = 55FAB182A9FFEDA9A57FAFCA /* SumiShortcuts.swift */; };
		FCB9AE591579852E3C97E6C7 /* DocumentTypeTests.swift in Sources */ = {isa = PBXBuildFile; fileRef = D52A2B81908BE8E561C0760A /* DocumentTypeTests.swift */; };
/* End PBXBuildFile section */

/* Begin PBXContainerItemProxy section */
		05ED97F7AA363910C7E915B2 /* PBXContainerItemProxy */ = {
			isa = PBXContainerItemProxy;
			containerPortal = 66FDE5E149DF961E499E8B3A /* Project object */;
			proxyType = 1;
			remoteGlobalIDString = CF75C4894AEB1A85C26CAE4D;
			remoteInfo = ShareExtension;
		};
		153D2C5C40E199242E2DF88A /* PBXContainerItemProxy */ = {
			isa = PBXContainerItemProxy;
			containerPortal = 66FDE5E149DF961E499E8B3A /* Project object */;
			proxyType = 1;
			remoteGlobalIDString = 2E8534DCF50FFD2066FE322D;
			remoteInfo = Sumi;
		};
/* End PBXContainerItemProxy section */

/* Begin PBXCopyFilesBuildPhase section */
		3EE2E2BC0DD93ED928ADFAC6 /* Embed Foundation Extensions */ = {
			isa = PBXCopyFilesBuildPhase;
			buildActionMask = 2147483647;
			dstPath = "";
			dstSubfolderSpec = 13;
			files = (
				F73D402B2D010CFC916C483A /* ShareExtension.appex in Embed Foundation Extensions */,
			);
			name = "Embed Foundation Extensions";
			runOnlyForDeploymentPostprocessing = 0;
		};
/* End PBXCopyFilesBuildPhase section */

/* Begin PBXFileReference section */
		0A3595521224549237863057 /* ImageMaskingServiceTests.swift */ = {isa = PBXFileReference; lastKnownFileType = sourcecode.swift; path = ImageMaskingServiceTests.swift; sourceTree = "<group>"; };
		0FBE9792637E0D55AE1BA110 /* MainInterface.storyboard */ = {isa = PBXFileReference; lastKnownFileType = file.storyboard; path = MainInterface.storyboard; sourceTree = "<group>"; };
		1A272A64F4CF1758159C841B /* PurchaseView.swift */ = {isa = PBXFileReference; lastKnownFileType = sourcecode.swift; path = PurchaseView.swift; sourceTree = "<group>"; };
		213DBE8E3D4A5AE18DABAC2A /* Sumi.app */ = {isa = PBXFileReference; explicitFileType = wrapper.application; includeInIndex = 0; path = Sumi.app; sourceTree = BUILT_PRODUCTS_DIR; };
		2BAFC509160B7D02162223D6 /* DetectionService.swift */ = {isa = PBXFileReference; lastKnownFileType = sourcecode.swift; path = DetectionService.swift; sourceTree = "<group>"; };
		379153147FA66E4BC00AC609 /* CameraCaptureView.swift */ = {isa = PBXFileReference; lastKnownFileType = sourcecode.swift; path = CameraCaptureView.swift; sourceTree = "<group>"; };
		3B1FAD279A4589E7221F0805 /* DocumentType.swift */ = {isa = PBXFileReference; lastKnownFileType = sourcecode.swift; path = DocumentType.swift; sourceTree = "<group>"; };
		3CF8027801351630C6728B99 /* ExportPreviewView.swift */ = {isa = PBXFileReference; lastKnownFileType = sourcecode.swift; path = ExportPreviewView.swift; sourceTree = "<group>"; };
		4378724B83049D0A21C9B748 /* SumiTests.xctest */ = {isa = PBXFileReference; explicitFileType = wrapper.cfbundle; includeInIndex = 0; path = SumiTests.xctest; sourceTree = BUILT_PRODUCTS_DIR; };
		501F90324BAFB02C175E417B /* Haptics.swift */ = {isa = PBXFileReference; lastKnownFileType = sourcecode.swift; path = Haptics.swift; sourceTree = "<group>"; };
		52979A3CE092D2101923C77F /* RevenueCatConfig.swift */ = {isa = PBXFileReference; lastKnownFileType = sourcecode.swift; path = RevenueCatConfig.swift; sourceTree = "<group>"; };
		55FAB182A9FFEDA9A57FAFCA /* SumiShortcuts.swift */ = {isa = PBXFileReference; lastKnownFileType = sourcecode.swift; path = SumiShortcuts.swift; sourceTree = "<group>"; };
		5E4A573245C756BB9FDC88F6 /* SettingsView.swift */ = {isa = PBXFileReference; lastKnownFileType = sourcecode.swift; path = SettingsView.swift; sourceTree = "<group>"; };
		657D7725B33B1DDBFD919B52 /* Assets.xcassets */ = {isa = PBXFileReference; lastKnownFileType = folder.assetcatalog; path = Assets.xcassets; sourceTree = "<group>"; };
		6E1649140553413B4456F607 /* DocumentTypeView.swift */ = {isa = PBXFileReference; lastKnownFileType = sourcecode.swift; path = DocumentTypeView.swift; sourceTree = "<group>"; };
		72036ED5286B56670FED0A96 /* Info.plist */ = {isa = PBXFileReference; lastKnownFileType = text.plist; path = Info.plist; sourceTree = "<group>"; };
		78345C70816C89A74E079E67 /* MaskingFlow.swift */ = {isa = PBXFileReference; lastKnownFileType = sourcecode.swift; path = MaskingFlow.swift; sourceTree = "<group>"; };
		A3D38A2E54859357CBD0EBF3 /* ShareExtension.entitlements */ = {isa = PBXFileReference; lastKnownFileType = text.plist.entitlements; path = ShareExtension.entitlements; sourceTree = "<group>"; };
		A917F0029EFB9D79FB8CD066 /* SupportConfig.swift */ = {isa = PBXFileReference; lastKnownFileType = sourcecode.swift; path = SupportConfig.swift; sourceTree = "<group>"; };
		AF188BD2A4339C95B10015B9 /* OnboardingView.swift */ = {isa = PBXFileReference; lastKnownFileType = sourcecode.swift; path = OnboardingView.swift; sourceTree = "<group>"; };
		C05847D9C4B20BF6994E0002 /* PurchaseManager.swift */ = {isa = PBXFileReference; lastKnownFileType = sourcecode.swift; path = PurchaseManager.swift; sourceTree = "<group>"; };
		C13874342D80C3CDAB028CC3 /* DetectionServiceTests.swift */ = {isa = PBXFileReference; lastKnownFileType = sourcecode.swift; path = DetectionServiceTests.swift; sourceTree = "<group>"; };
		C3BEFBD765EDA4EB862C8918 /* Sumi.entitlements */ = {isa = PBXFileReference; lastKnownFileType = text.plist.entitlements; path = Sumi.entitlements; sourceTree = "<group>"; };
		C8F45E32CEB5655DE57C0403 /* MaskingStyleView.swift */ = {isa = PBXFileReference; lastKnownFileType = sourcecode.swift; path = MaskingStyleView.swift; sourceTree = "<group>"; };
		CDCC3D35D9A8F34477675618 /* SumiApp.swift */ = {isa = PBXFileReference; lastKnownFileType = sourcecode.swift; path = SumiApp.swift; sourceTree = "<group>"; };
		CE0C255A3F8E0DD73F3BA8AE /* HomeView.swift */ = {isa = PBXFileReference; lastKnownFileType = sourcecode.swift; path = HomeView.swift; sourceTree = "<group>"; };
		D2FF5A21E4BADE9B3E5E0D3E /* Info.plist */ = {isa = PBXFileReference; lastKnownFileType = text.plist; path = Info.plist; sourceTree = "<group>"; };
		D52A2B81908BE8E561C0760A /* DocumentTypeTests.swift */ = {isa = PBXFileReference; lastKnownFileType = sourcecode.swift; path = DocumentTypeTests.swift; sourceTree = "<group>"; };
		D7717C3D61A368037328F6A4 /* MaskingFlowTests.swift */ = {isa = PBXFileReference; lastKnownFileType = sourcecode.swift; path = MaskingFlowTests.swift; sourceTree = "<group>"; };
		E3688F0EF1133E45F35AFA6B /* ShareExtension.appex */ = {isa = PBXFileReference; explicitFileType = "wrapper.app-extension"; includeInIndex = 0; path = ShareExtension.appex; sourceTree = BUILT_PRODUCTS_DIR; };
		E3E0846F11571D5BC7CC1F4E /* ShareViewController.swift */ = {isa = PBXFileReference; lastKnownFileType = sourcecode.swift; path = ShareViewController.swift; sourceTree = "<group>"; };
		E4A7012FAB684FD408318EB4 /* MaskingStyle.swift */ = {isa = PBXFileReference; lastKnownFileType = sourcecode.swift; path = MaskingStyle.swift; sourceTree = "<group>"; };
		EBF6297686ED6528BD208F91 /* SharedContainer.swift */ = {isa = PBXFileReference; lastKnownFileType = sourcecode.swift; path = SharedContainer.swift; sourceTree = "<group>"; };
		EFD0EE7E952029304ED393E6 /* DetectionPreviewView.swift */ = {isa = PBXFileReference; lastKnownFileType = sourcecode.swift; path = DetectionPreviewView.swift; sourceTree = "<group>"; };
		F969D432FDE55692687E8AAA /* ImageMaskingService.swift */ = {isa = PBXFileReference; lastKnownFileType = sourcecode.swift; path = ImageMaskingService.swift; sourceTree = "<group>"; };
		FE72E63C3F3BCC7033B09552 /* MaskRegion.swift */ = {isa = PBXFileReference; lastKnownFileType = sourcecode.swift; path = MaskRegion.swift; sourceTree = "<group>"; };
/* End PBXFileReference section */

/* Begin PBXFrameworksBuildPhase section */
		E84A66DC140576DD47E6A6ED /* Frameworks */ = {
			isa = PBXFrameworksBuildPhase;
			buildActionMask = 2147483647;
			files = (
				98CC5CB69A0AB35E2C869928 /* RevenueCat in Frameworks */,
			);
			runOnlyForDeploymentPostprocessing = 0;
		};
/* End PBXFrameworksBuildPhase section */

/* Begin PBXGroup section */
		05BBAD2333E4672CC09256AF /* Shared */ = {
			isa = PBXGroup;
			children = (
				EBF6297686ED6528BD208F91 /* SharedContainer.swift */,
			);
			path = Shared;
			sourceTree = "<group>";
		};
		05E146ACC9BE727F09ED92E4 /* Export */ = {
			isa = PBXGroup;
			children = (
				3CF8027801351630C6728B99 /* ExportPreviewView.swift */,
			);
			path = Export;
			sourceTree = "<group>";
		};
		26A4617627F4971C635E7C84 /* Services */ = {
			isa = PBXGroup;
			children = (
				2BAFC509160B7D02162223D6 /* DetectionService.swift */,
				501F90324BAFB02C175E417B /* Haptics.swift */,
				F969D432FDE55692687E8AAA /* ImageMaskingService.swift */,
				C05847D9C4B20BF6994E0002 /* PurchaseManager.swift */,
			);
			path = Services;
			sourceTree = "<group>";
		};
		30D2AC6C6A30C18CD1EC0211 /* Settings */ = {
			isa = PBXGroup;
			children = (
				5E4A573245C756BB9FDC88F6 /* SettingsView.swift */,
			);
			path = Settings;
			sourceTree = "<group>";
		};
		3A21AF43D41AB9AA4BACD860 /* ShareExtension */ = {
			isa = PBXGroup;
			children = (
				D2FF5A21E4BADE9B3E5E0D3E /* Info.plist */,
				0FBE9792637E0D55AE1BA110 /* MainInterface.storyboard */,
				A3D38A2E54859357CBD0EBF3 /* ShareExtension.entitlements */,
				E3E0846F11571D5BC7CC1F4E /* ShareViewController.swift */,
			);
			path = ShareExtension;
			sourceTree = "<group>";
		};
		4E5C340559C8B50304A25D50 /* DocumentType */ = {
			isa = PBXGroup;
			children = (
				6E1649140553413B4456F607 /* DocumentTypeView.swift */,
			);
			path = DocumentType;
			sourceTree = "<group>";
		};
		879303D4751FD93A8691A9C8 /* App */ = {
			isa = PBXGroup;
			children = (
				78345C70816C89A74E079E67 /* MaskingFlow.swift */,
				CDCC3D35D9A8F34477675618 /* SumiApp.swift */,
				55FAB182A9FFEDA9A57FAFCA /* SumiShortcuts.swift */,
				52979A3CE092D2101923C77F /* RevenueCatConfig.swift */,
				A917F0029EFB9D79FB8CD066 /* SupportConfig.swift */,
			);
			path = App;
			sourceTree = "<group>";
		};
		87F1A0575CD3017C5AFA28D9 /* Purchase */ = {
			isa = PBXGroup;
			children = (
				1A272A64F4CF1758159C841B /* PurchaseView.swift */,
			);
			path = Purchase;
			sourceTree = "<group>";
		};
		9938ABC58EDD9F3973A23472 /* SumiTests */ = {
			isa = PBXGroup;
			children = (
				C13874342D80C3CDAB028CC3 /* DetectionServiceTests.swift */,
				D52A2B81908BE8E561C0760A /* DocumentTypeTests.swift */,
				0A3595521224549237863057 /* ImageMaskingServiceTests.swift */,
				D7717C3D61A368037328F6A4 /* MaskingFlowTests.swift */,
			);
			path = SumiTests;
			sourceTree = "<group>";
		};
		ADA9E9627BE8C2A85FEFAE83 /* MaskingStyle */ = {
			isa = PBXGroup;
			children = (
				C8F45E32CEB5655DE57C0403 /* MaskingStyleView.swift */,
			);
			path = MaskingStyle;
			sourceTree = "<group>";
		};
		B10067696861A867F85F65DF /* Onboarding */ = {
			isa = PBXGroup;
			children = (
				AF188BD2A4339C95B10015B9 /* OnboardingView.swift */,
			);
			path = Onboarding;
			sourceTree = "<group>";
		};
		C4DB28E35F3BF229D27EDF62 /* Products */ = {
			isa = PBXGroup;
			children = (
				213DBE8E3D4A5AE18DABAC2A /* Sumi.app */,
				4378724B83049D0A21C9B748 /* SumiTests.xctest */,
				E3688F0EF1133E45F35AFA6B /* ShareExtension.appex */,
			);
			name = Products;
			sourceTree = "<group>";
		};
		CA337BA069D117A5875EF84F /* Models */ = {
			isa = PBXGroup;
			children = (
				3B1FAD279A4589E7221F0805 /* DocumentType.swift */,
				E4A7012FAB684FD408318EB4 /* MaskingStyle.swift */,
				FE72E63C3F3BCC7033B09552 /* MaskRegion.swift */,
			);
			path = Models;
			sourceTree = "<group>";
		};
		CFD4E2D9CC3CA7D243E45F3A /* Sumi */ = {
			isa = PBXGroup;
			children = (
				657D7725B33B1DDBFD919B52 /* Assets.xcassets */,
				72036ED5286B56670FED0A96 /* Info.plist */,
				C3BEFBD765EDA4EB862C8918 /* Sumi.entitlements */,
				879303D4751FD93A8691A9C8 /* App */,
				F7CE02C0475AAAB585DD762F /* Features */,
				CA337BA069D117A5875EF84F /* Models */,
				26A4617627F4971C635E7C84 /* Services */,
				05BBAD2333E4672CC09256AF /* Shared */,
			);
			path = Sumi;
			sourceTree = "<group>";
		};
		DDA4C83B954153C19A684CF3 /* Home */ = {
			isa = PBXGroup;
			children = (
				379153147FA66E4BC00AC609 /* CameraCaptureView.swift */,
				CE0C255A3F8E0DD73F3BA8AE /* HomeView.swift */,
			);
			path = Home;
			sourceTree = "<group>";
		};
		DE2DB55AB6E5D5797B825ECD /* Detection */ = {
			isa = PBXGroup;
			children = (
				EFD0EE7E952029304ED393E6 /* DetectionPreviewView.swift */,
			);
			path = Detection;
			sourceTree = "<group>";
		};
		F41AD1B15FE18E6CB24F535D = {
			isa = PBXGroup;
			children = (
				CFD4E2D9CC3CA7D243E45F3A /* Sumi */,
				9938ABC58EDD9F3973A23472 /* SumiTests */,
				3A21AF43D41AB9AA4BACD860 /* ShareExtension */,
				C4DB28E35F3BF229D27EDF62 /* Products */,
			);
			sourceTree = "<group>";
		};
		F7CE02C0475AAAB585DD762F /* Features */ = {
			isa = PBXGroup;
			children = (
				DE2DB55AB6E5D5797B825ECD /* Detection */,
				4E5C340559C8B50304A25D50 /* DocumentType */,
				05E146ACC9BE727F09ED92E4 /* Export */,
				DDA4C83B954153C19A684CF3 /* Home */,
				ADA9E9627BE8C2A85FEFAE83 /* MaskingStyle */,
				B10067696861A867F85F65DF /* Onboarding */,
				87F1A0575CD3017C5AFA28D9 /* Purchase */,
				30D2AC6C6A30C18CD1EC0211 /* Settings */,
			);
			path = Features;
			sourceTree = "<group>";
		};
/* End PBXGroup section */

/* Begin PBXNativeTarget section */
		2E8534DCF50FFD2066FE322D /* Sumi */ = {
			isa = PBXNativeTarget;
			buildConfigurationList = D5C2BB01F4C05660BFCBEEF4 /* Build configuration list for PBXNativeTarget "Sumi" */;
			buildPhases = (
				E82AFAD822944B437C3E4EEF /* Sources */,
				D9A07422E03628077F5D023F /* Resources */,
				E84A66DC140576DD47E6A6ED /* Frameworks */,
				3EE2E2BC0DD93ED928ADFAC6 /* Embed Foundation Extensions */,
			);
			buildRules = (
			);
			dependencies = (
				59B3002DDDAC47E1BAA6808B /* PBXTargetDependency */,
			);
			name = Sumi;
			packageProductDependencies = (
				9861147A07B1D05E05E86275 /* RevenueCat */,
			);
			productName = Sumi;
			productReference = 213DBE8E3D4A5AE18DABAC2A /* Sumi.app */;
			productType = "com.apple.product-type.application";
		};
		699C37026C367CF3C641E94A /* SumiTests */ = {
			isa = PBXNativeTarget;
			buildConfigurationList = B504595710121F3435F3E7B3 /* Build configuration list for PBXNativeTarget "SumiTests" */;
			buildPhases = (
				E3FCE2418465D34CA9559E5D /* Sources */,
			);
			buildRules = (
			);
			dependencies = (
				351A7D603993AE652BA1BA18 /* PBXTargetDependency */,
			);
			name = SumiTests;
			packageProductDependencies = (
			);
			productName = SumiTests;
			productReference = 4378724B83049D0A21C9B748 /* SumiTests.xctest */;
			productType = "com.apple.product-type.bundle.unit-test";
		};
		CF75C4894AEB1A85C26CAE4D /* ShareExtension */ = {
			isa = PBXNativeTarget;
			buildConfigurationList = 317E098CCC92ECF157BFE456 /* Build configuration list for PBXNativeTarget "ShareExtension" */;
			buildPhases = (
				2503D3FB48C94A2825799642 /* Sources */,
				975E936D93D0600E30633589 /* Resources */,
			);
			buildRules = (
			);
			dependencies = (
			);
			name = ShareExtension;
			packageProductDependencies = (
			);
			productName = ShareExtension;
			productReference = E3688F0EF1133E45F35AFA6B /* ShareExtension.appex */;
			productType = "com.apple.product-type.app-extension";
		};
/* End PBXNativeTarget section */

/* Begin PBXProject section */
		66FDE5E149DF961E499E8B3A /* Project object */ = {
			isa = PBXProject;
			attributes = {
				BuildIndependentTargetsInParallel = YES;
				LastUpgradeCheck = 1430;
			};
			buildConfigurationList = 9A553549FB255AC058EDBCF6 /* Build configuration list for PBXProject "Sumi" */;
			developmentRegion = en;
			hasScannedForEncodings = 0;
			knownRegions = (
				Base,
				en,
			);
			mainGroup = F41AD1B15FE18E6CB24F535D;
			minimizedProjectReferenceProxies = 1;
			packageReferences = (
				743DC365A575887AA4FCAFED /* XCRemoteSwiftPackageReference "purchases-ios" */,
			);
			preferredProjectObjectVersion = 77;
			productRefGroup = C4DB28E35F3BF229D27EDF62 /* Products */;
			projectDirPath = "";
			projectRoot = "";
			targets = (
				2E8534DCF50FFD2066FE322D /* Sumi */,
				699C37026C367CF3C641E94A /* SumiTests */,
				CF75C4894AEB1A85C26CAE4D /* ShareExtension */,
			);
		};
/* End PBXProject section */

/* Begin PBXResourcesBuildPhase section */
		975E936D93D0600E30633589 /* Resources */ = {
			isa = PBXResourcesBuildPhase;
			buildActionMask = 2147483647;
			files = (
				724F367BE7BB1F3DE150D69D /* MainInterface.storyboard in Resources */,
			);
			runOnlyForDeploymentPostprocessing = 0;
		};
		D9A07422E03628077F5D023F /* Resources */ = {
			isa = PBXResourcesBuildPhase;
			buildActionMask = 2147483647;
			files = (
				DB7B9E840E1AC5394B6E2854 /* Assets.xcassets in Resources */,
			);
			runOnlyForDeploymentPostprocessing = 0;
		};
/* End PBXResourcesBuildPhase section */

/* Begin PBXSourcesBuildPhase section */
		2503D3FB48C94A2825799642 /* Sources */ = {
			isa = PBXSourcesBuildPhase;
			buildActionMask = 2147483647;
			files = (
				40355DE8560E8FA1373D27F3 /* ShareViewController.swift in Sources */,
				30BD2757E77D80ECBA9F57AC /* SharedContainer.swift in Sources */,
			);
			runOnlyForDeploymentPostprocessing = 0;
		};
		E3FCE2418465D34CA9559E5D /* Sources */ = {
			isa = PBXSourcesBuildPhase;
			buildActionMask = 2147483647;
			files = (
				AC63557EE4274D7F0E30CA70 /* DetectionServiceTests.swift in Sources */,
				FCB9AE591579852E3C97E6C7 /* DocumentTypeTests.swift in Sources */,
				1D39518D66E35F15FD59245F /* ImageMaskingServiceTests.swift in Sources */,
				80C13867F31B5E56390BE8DC /* MaskingFlowTests.swift in Sources */,
			);
			runOnlyForDeploymentPostprocessing = 0;
		};
		E82AFAD822944B437C3E4EEF /* Sources */ = {
			isa = PBXSourcesBuildPhase;
			buildActionMask = 2147483647;
			files = (
				F299CA4175736A7D83347731 /* CameraCaptureView.swift in Sources */,
				F75E6B7E73AA1A9C1D862E29 /* DetectionPreviewView.swift in Sources */,
				34A2C085A29C5A4E58B51AB7 /* DetectionService.swift in Sources */,
				293ECE2BA94AE07A83F86832 /* DocumentType.swift in Sources */,
				1DE6A90C30CC67BB7FBDA783 /* DocumentTypeView.swift in Sources */,
				E639615AF32E63151F2173FB /* ExportPreviewView.swift in Sources */,
				F15853962A303A2F0CD6B13D /* Haptics.swift in Sources */,
				208336B7628150E1C0B15356 /* HomeView.swift in Sources */,
				842DD5750D5A689549E829D5 /* ImageMaskingService.swift in Sources */,
				677DE7B4B023794A6E4D7C78 /* MaskRegion.swift in Sources */,
				701700BE8FFED1A4F611B617 /* MaskingFlow.swift in Sources */,
				780B505C5B075D52848F3764 /* MaskingStyle.swift in Sources */,
				35C0E0B38D397F4ED64D2486 /* MaskingStyleView.swift in Sources */,
				1BE48A40944748CD8AC4D437 /* SumiApp.swift in Sources */,
				FA69646D977C56F4CC8FBD74 /* SumiShortcuts.swift in Sources */,
				E12098AA04837D7F4B304A22 /* OnboardingView.swift in Sources */,
				F51DC72CA29EE738EF4F9DDF /* PurchaseManager.swift in Sources */,
				08B1BA176E566345404A3654 /* PurchaseView.swift in Sources */,
				C117BFFD35173D95FB10F536 /* RevenueCatConfig.swift in Sources */,
				38ADB90DA007244EE64A813B /* SettingsView.swift in Sources */,
				03A925C90CE21BCEF1724DCB /* SharedContainer.swift in Sources */,
				1FD16980BE4ADF133C329063 /* SupportConfig.swift in Sources */,
			);
			runOnlyForDeploymentPostprocessing = 0;
		};
/* End PBXSourcesBuildPhase section */

/* Begin PBXTargetDependency section */
		351A7D603993AE652BA1BA18 /* PBXTargetDependency */ = {
			isa = PBXTargetDependency;
			target = 2E8534DCF50FFD2066FE322D /* Sumi */;
			targetProxy = 153D2C5C40E199242E2DF88A /* PBXContainerItemProxy */;
		};
		59B3002DDDAC47E1BAA6808B /* PBXTargetDependency */ = {
			isa = PBXTargetDependency;
			target = CF75C4894AEB1A85C26CAE4D /* ShareExtension */;
			targetProxy = 05ED97F7AA363910C7E915B2 /* PBXContainerItemProxy */;
		};
/* End PBXTargetDependency section */

/* Begin XCBuildConfiguration section */
		109F1F5AF483FBB04A6EC8AE /* Debug */ = {
			isa = XCBuildConfiguration;
			buildSettings = {
				BUNDLE_LOADER = "$(TEST_HOST)";
				DEVELOPMENT_TEAM = XV92DHDWYL;
				GENERATE_INFOPLIST_FILE = YES;
				LD_RUNPATH_SEARCH_PATHS = (
					"$(inherited)",
					"@executable_path/Frameworks",
					"@loader_path/Frameworks",
				);
				PRODUCT_BUNDLE_IDENTIFIER = com.matthew0925.SumiTests;
				SDKROOT = iphoneos;
				SWIFT_VERSION = 5.0;
				TARGETED_DEVICE_FAMILY = "1,2";
				TEST_HOST = "$(BUILT_PRODUCTS_DIR)/Sumi.app/Sumi";
			};
			name = Debug;
		};
		138E34C7D182EF833CED563A /* Release */ = {
			isa = XCBuildConfiguration;
			buildSettings = {
				ASSETCATALOG_COMPILER_APPICON_NAME = AppIcon;
				CODE_SIGN_ENTITLEMENTS = Sumi/Sumi.entitlements;
				CODE_SIGN_IDENTITY = "iPhone Developer";
				CURRENT_PROJECT_VERSION = 1;
				DEVELOPMENT_TEAM = XV92DHDWYL;
				INFOPLIST_FILE = Sumi/Info.plist;
				LD_RUNPATH_SEARCH_PATHS = (
					"$(inherited)",
					"@executable_path/Frameworks",
				);
				MARKETING_VERSION = 1.0;
				PRODUCT_BUNDLE_IDENTIFIER = com.matthew0925.sumi;
				SDKROOT = iphoneos;
				SWIFT_VERSION = 5.0;
				TARGETED_DEVICE_FAMILY = 1;
			};
			name = Release;
		};
		1A512308D9937AF3C8C45403 /* Release */ = {
			isa = XCBuildConfiguration;
			buildSettings = {
				CODE_SIGN_ENTITLEMENTS = ShareExtension/ShareExtension.entitlements;
				CURRENT_PROJECT_VERSION = 1;
				DEVELOPMENT_TEAM = XV92DHDWYL;
				INFOPLIST_FILE = ShareExtension/Info.plist;
				LD_RUNPATH_SEARCH_PATHS = (
					"$(inherited)",
					"@executable_path/Frameworks",
					"@executable_path/../../Frameworks",
				);
				MARKETING_VERSION = 1.0;
				PRODUCT_BUNDLE_IDENTIFIER = com.matthew0925.sumi.ShareExtension;
				SDKROOT = iphoneos;
				SKIP_INSTALL = YES;
				SWIFT_VERSION = 5.0;
				TARGETED_DEVICE_FAMILY = 1;
			};
			name = Release;
		};
		270DFFE0F784FBA313BBCD10 /* Debug */ = {
			isa = XCBuildConfiguration;
			buildSettings = {
				ASSETCATALOG_COMPILER_APPICON_NAME = AppIcon;
				CODE_SIGN_ENTITLEMENTS = Sumi/Sumi.entitlements;
				CODE_SIGN_IDENTITY = "iPhone Developer";
				CURRENT_PROJECT_VERSION = 1;
				DEVELOPMENT_TEAM = XV92DHDWYL;
				INFOPLIST_FILE = Sumi/Info.plist;
				LD_RUNPATH_SEARCH_PATHS = (
					"$(inherited)",
					"@executable_path/Frameworks",
				);
				MARKETING_VERSION = 1.0;
				PRODUCT_BUNDLE_IDENTIFIER = com.matthew0925.sumi;
				SDKROOT = iphoneos;
				SWIFT_VERSION = 5.0;
				TARGETED_DEVICE_FAMILY = 1;
			};
			name = Debug;
		};
		36B15B287A8570EFB80F32E7 /* Debug */ = {
			isa = XCBuildConfiguration;
			buildSettings = {
				ALWAYS_SEARCH_USER_PATHS = NO;
				CLANG_ANALYZER_NONNULL = YES;
				CLANG_ANALYZER_NUMBER_OBJECT_CONVERSION = YES_AGGRESSIVE;
				CLANG_CXX_LANGUAGE_STANDARD = "gnu++14";
				CLANG_CXX_LIBRARY = "libc++";
				CLANG_ENABLE_MODULES = YES;
				CLANG_ENABLE_OBJC_ARC = YES;
				CLANG_ENABLE_OBJC_WEAK = YES;
				CLANG_WARN_BLOCK_CAPTURE_AUTORELEASING = YES;
				CLANG_WARN_BOOL_CONVERSION = YES;
				CLANG_WARN_COMMA = YES;
				CLANG_WARN_CONSTANT_CONVERSION = YES;
				CLANG_WARN_DEPRECATED_OBJC_IMPLEMENTATIONS = YES;
				CLANG_WARN_DIRECT_OBJC_ISA_USAGE = YES_ERROR;
				CLANG_WARN_DOCUMENTATION_COMMENTS = YES;
				CLANG_WARN_EMPTY_BODY = YES;
				CLANG_WARN_ENUM_CONVERSION = YES;
				CLANG_WARN_INFINITE_RECURSION = YES;
				CLANG_WARN_INT_CONVERSION = YES;
				CLANG_WARN_NON_LITERAL_NULL_CONVERSION = YES;
				CLANG_WARN_OBJC_IMPLICIT_RETAIN_SELF = YES;
				CLANG_WARN_OBJC_LITERAL_CONVERSION = YES;
				CLANG_WARN_OBJC_ROOT_CLASS = YES_ERROR;
				CLANG_WARN_QUOTED_INCLUDE_IN_FRAMEWORK_HEADER = YES;
				CLANG_WARN_RANGE_LOOP_ANALYSIS = YES;
				CLANG_WARN_STRICT_PROTOTYPES = YES;
				CLANG_WARN_SUSPICIOUS_MOVE = YES;
				CLANG_WARN_UNGUARDED_AVAILABILITY = YES_AGGRESSIVE;
				CLANG_WARN_UNREACHABLE_CODE = YES;
				CLANG_WARN__DUPLICATE_METHOD_MATCH = YES;
				COPY_PHASE_STRIP = NO;
				DEBUG_INFORMATION_FORMAT = dwarf;
				ENABLE_STRICT_OBJC_MSGSEND = YES;
				ENABLE_TESTABILITY = YES;
				GCC_C_LANGUAGE_STANDARD = gnu11;
				GCC_DYNAMIC_NO_PIC = NO;
				GCC_NO_COMMON_BLOCKS = YES;
				GCC_OPTIMIZATION_LEVEL = 0;
				GCC_PREPROCESSOR_DEFINITIONS = (
					"$(inherited)",
					"DEBUG=1",
				);
				GCC_WARN_64_TO_32_BIT_CONVERSION = YES;
				GCC_WARN_ABOUT_RETURN_TYPE = YES_ERROR;
				GCC_WARN_UNDECLARED_SELECTOR = YES;
				GCC_WARN_UNINITIALIZED_AUTOS = YES_AGGRESSIVE;
				GCC_WARN_UNUSED_FUNCTION = YES;
				GCC_WARN_UNUSED_VARIABLE = YES;
				IPHONEOS_DEPLOYMENT_TARGET = 17.0;
				MTL_ENABLE_DEBUG_INFO = INCLUDE_SOURCE;
				MTL_FAST_MATH = YES;
				ONLY_ACTIVE_ARCH = YES;
				PRODUCT_NAME = "$(TARGET_NAME)";
				SDKROOT = iphoneos;
				SWIFT_ACTIVE_COMPILATION_CONDITIONS = DEBUG;
				SWIFT_OPTIMIZATION_LEVEL = "-Onone";
				SWIFT_VERSION = 5.0;
			};
			name = Debug;
		};
		77F11C0FFFEB0FDEC6E6778B /* Debug */ = {
			isa = XCBuildConfiguration;
			buildSettings = {
				CODE_SIGN_ENTITLEMENTS = ShareExtension/ShareExtension.entitlements;
				CURRENT_PROJECT_VERSION = 1;
				DEVELOPMENT_TEAM = XV92DHDWYL;
				INFOPLIST_FILE = ShareExtension/Info.plist;
				LD_RUNPATH_SEARCH_PATHS = (
					"$(inherited)",
					"@executable_path/Frameworks",
					"@executable_path/../../Frameworks",
				);
				MARKETING_VERSION = 1.0;
				PRODUCT_BUNDLE_IDENTIFIER = com.matthew0925.sumi.ShareExtension;
				SDKROOT = iphoneos;
				SKIP_INSTALL = YES;
				SWIFT_VERSION = 5.0;
				TARGETED_DEVICE_FAMILY = 1;
			};
			name = Debug;
		};
		DF778B55ADAE1550F3BCA1C8 /* Release */ = {
			isa = XCBuildConfiguration;
			buildSettings = {
				ALWAYS_SEARCH_USER_PATHS = NO;
				CLANG_ANALYZER_NONNULL = YES;
				CLANG_ANALYZER_NUMBER_OBJECT_CONVERSION = YES_AGGRESSIVE;
				CLANG_CXX_LANGUAGE_STANDARD = "gnu++14";
				CLANG_CXX_LIBRARY = "libc++";
				CLANG_ENABLE_MODULES = YES;
				CLANG_ENABLE_OBJC_ARC = YES;
				CLANG_ENABLE_OBJC_WEAK = YES;
				CLANG_WARN_BLOCK_CAPTURE_AUTORELEASING = YES;
				CLANG_WARN_BOOL_CONVERSION = YES;
				CLANG_WARN_COMMA = YES;
				CLANG_WARN_CONSTANT_CONVERSION = YES;
				CLANG_WARN_DEPRECATED_OBJC_IMPLEMENTATIONS = YES;
				CLANG_WARN_DIRECT_OBJC_ISA_USAGE = YES_ERROR;
				CLANG_WARN_DOCUMENTATION_COMMENTS = YES;
				CLANG_WARN_EMPTY_BODY = YES;
				CLANG_WARN_ENUM_CONVERSION = YES;
				CLANG_WARN_INFINITE_RECURSION = YES;
				CLANG_WARN_INT_CONVERSION = YES;
				CLANG_WARN_NON_LITERAL_NULL_CONVERSION = YES;
				CLANG_WARN_OBJC_IMPLICIT_RETAIN_SELF = YES;
				CLANG_WARN_OBJC_LITERAL_CONVERSION = YES;
				CLANG_WARN_OBJC_ROOT_CLASS = YES_ERROR;
				CLANG_WARN_QUOTED_INCLUDE_IN_FRAMEWORK_HEADER = YES;
				CLANG_WARN_RANGE_LOOP_ANALYSIS = YES;
				CLANG_WARN_STRICT_PROTOTYPES = YES;
				CLANG_WARN_SUSPICIOUS_MOVE = YES;
				CLANG_WARN_UNGUARDED_AVAILABILITY = YES_AGGRESSIVE;
				CLANG_WARN_UNREACHABLE_CODE = YES;
				CLANG_WARN__DUPLICATE_METHOD_MATCH = YES;
				COPY_PHASE_STRIP = NO;
				DEBUG_INFORMATION_FORMAT = "dwarf-with-dsym";
				ENABLE_NS_ASSERTIONS = NO;
				ENABLE_STRICT_OBJC_MSGSEND = YES;
				GCC_C_LANGUAGE_STANDARD = gnu11;
				GCC_NO_COMMON_BLOCKS = YES;
				GCC_WARN_64_TO_32_BIT_CONVERSION = YES;
				GCC_WARN_ABOUT_RETURN_TYPE = YES_ERROR;
				GCC_WARN_UNDECLARED_SELECTOR = YES;
				GCC_WARN_UNINITIALIZED_AUTOS = YES_AGGRESSIVE;
				GCC_WARN_UNUSED_FUNCTION = YES;
				GCC_WARN_UNUSED_VARIABLE = YES;
				IPHONEOS_DEPLOYMENT_TARGET = 17.0;
				MTL_ENABLE_DEBUG_INFO = NO;
				MTL_FAST_MATH = YES;
				PRODUCT_NAME = "$(TARGET_NAME)";
				SDKROOT = iphoneos;
				SWIFT_COMPILATION_MODE = wholemodule;
				SWIFT_OPTIMIZATION_LEVEL = "-O";
				SWIFT_VERSION = 5.0;
			};
			name = Release;
		};
		E1112F59F89D7DA5BCD769BC /* Release */ = {
			isa = XCBuildConfiguration;
			buildSettings = {
				BUNDLE_LOADER = "$(TEST_HOST)";
				DEVELOPMENT_TEAM = XV92DHDWYL;
				GENERATE_INFOPLIST_FILE = YES;
				LD_RUNPATH_SEARCH_PATHS = (
					"$(inherited)",
					"@executable_path/Frameworks",
					"@loader_path/Frameworks",
				);
				PRODUCT_BUNDLE_IDENTIFIER = com.matthew0925.SumiTests;
				SDKROOT = iphoneos;
				SWIFT_VERSION = 5.0;
				TARGETED_DEVICE_FAMILY = "1,2";
				TEST_HOST = "$(BUILT_PRODUCTS_DIR)/Sumi.app/Sumi";
			};
			name = Release;
		};
/* End XCBuildConfiguration section */

/* Begin XCConfigurationList section */
		317E098CCC92ECF157BFE456 /* Build configuration list for PBXNativeTarget "ShareExtension" */ = {
			isa = XCConfigurationList;
			buildConfigurations = (
				77F11C0FFFEB0FDEC6E6778B /* Debug */,
				1A512308D9937AF3C8C45403 /* Release */,
			);
			defaultConfigurationIsVisible = 0;
			defaultConfigurationName = Debug;
		};
		9A553549FB255AC058EDBCF6 /* Build configuration list for PBXProject "Sumi" */ = {
			isa = XCConfigurationList;
			buildConfigurations = (
				36B15B287A8570EFB80F32E7 /* Debug */,
				DF778B55ADAE1550F3BCA1C8 /* Release */,
			);
			defaultConfigurationIsVisible = 0;
			defaultConfigurationName = Debug;
		};
		B504595710121F3435F3E7B3 /* Build configuration list for PBXNativeTarget "SumiTests" */ = {
			isa = XCConfigurationList;
			buildConfigurations = (
				109F1F5AF483FBB04A6EC8AE /* Debug */,
				E1112F59F89D7DA5BCD769BC /* Release */,
			);
			defaultConfigurationIsVisible = 0;
			defaultConfigurationName = Debug;
		};
		D5C2BB01F4C05660BFCBEEF4 /* Build configuration list for PBXNativeTarget "Sumi" */ = {
			isa = XCConfigurationList;
			buildConfigurations = (
				270DFFE0F784FBA313BBCD10 /* Debug */,
				138E34C7D182EF833CED563A /* Release */,
			);
			defaultConfigurationIsVisible = 0;
			defaultConfigurationName = Debug;
		};
/* End XCConfigurationList section */

/* Begin XCRemoteSwiftPackageReference section */
		743DC365A575887AA4FCAFED /* XCRemoteSwiftPackageReference "purchases-ios" */ = {
			isa = XCRemoteSwiftPackageReference;
			repositoryURL = "https://github.com/RevenueCat/purchases-ios";
			requirement = {
				kind = upToNextMajorVersion;
				minimumVersion = 5.20.0;
			};
		};
/* End XCRemoteSwiftPackageReference section */

/* Begin XCSwiftPackageProductDependency section */
		9861147A07B1D05E05E86275 /* RevenueCat */ = {
			isa = XCSwiftPackageProductDependency;
			package = 743DC365A575887AA4FCAFED /* XCRemoteSwiftPackageReference "purchases-ios" */;
			productName = RevenueCat;
		};
/* End XCSwiftPackageProductDependency section */
	};
	rootObject = 66FDE5E149DF961E499E8B3A /* Project object */;
}
